
Microsoft Visual Studio Solution File, Format Version 12.00
# Visual Studio Version 16
VisualStudioVersion = 16.0.30413.136
MinimumVisualStudioVersion = 10.0.40219.1
Project("{FAE04EC0-301F-11D3-BF4B-00C04F79EFBC}") = "lab2", "lab2.csproj", "{F3C66FF7-DC7E-4391-80F1-D4AE826CB1BB}"
EndProject
Global
	GlobalSection(SolutionConfigurationPlatforms) = preSolution
		Debug|Any CPU = Debug|Any CPU
		Release|Any CPU = Release|Any CPU
	EndGlobalSection
	GlobalSection(ProjectConfigurationPlatforms) = postSolution
		{F3C66FF7-DC7E-4391-80F1-D4AE826CB1BB}.Debug|Any CPU.ActiveCfg = Debug|Any CPU
		{F3C66FF7-DC7E-4391-80F1-D4AE826CB1BB}.Debug|Any CPU.Build.0 = Debug|Any CPU
		{F3C66FF7-DC7E-4391-80F1-D4AE826CB1BB}.Release|Any CPU.ActiveCfg = Release|Any CPU
		{F3C66FF7-DC7E-4391-80F1-D4AE826CB1BB}.Release|Any CPU.Build.0 = Release|Any CPU
	EndGlobalSection
	GlobalSection(SolutionProperties) = preSolution
		HideSolutionNode = FALSE
	EndGlobalSection
	GlobalSection(ExtensibilityGlobals) = postSolution
		SolutionGuid = {BFCFAF92-0795-45E2-AA1B-0A87007D78C1}
	EndGlobalSection
EndGlobal
